
Microsoft Visual Studio Solution File, Format Version 12.00
# Visual Studio Version 16
VisualStudioVersion = 16.0.31129.286
MinimumVisualStudioVersion = 10.0.40219.1
Project("{9A19103F-16F7-4668-BE54-9A1E7A4F7556}") = "HiddenVilla_Server", "HiddenVilla_Server\HiddenVilla_Server.csproj", "{10E8BE4B-AD73-45F0-A08B-FDCB24801FF2}"
EndProject
Project("{9A19103F-16F7-4668-BE54-9A1E7A4F7556}") = "DataAccess", "DataAccess\DataAccess.csproj", "{6F138B5A-2CC5-4E90-9B85-7BD98858D04A}"
EndProject
Project("{9A19103F-16F7-4668-BE54-9A1E7A4F7556}") = "BusinessLayer", "BusinessLayer\BusinessLayer.csproj", "{2295A5D3-B277-467A-9076-CEA833456011}"
EndProject
Project("{9A19103F-16F7-4668-BE54-9A1E7A4F7556}") = "Common", "Common\Common.csproj", "{8AAB10D9-1424-49F9-9444-D44CC44AD113}"
EndProject
Project("{9A19103F-16F7-4668-BE54-9A1E7A4F7556}") = "Models", "Models\Models.csproj", "{802AFB2C-1A1D-4E87-BAF3-225CF7601E37}"
EndProject
Global
	GlobalSection(SolutionConfigurationPlatforms) = preSolution
		Debug|Any CPU = Debug|Any CPU
		Release|Any CPU = Release|Any CPU
	EndGlobalSection
	GlobalSection(ProjectConfigurationPlatforms) = postSolution
		{10E8BE4B-AD73-45F0-A08B-FDCB24801FF2}.Debug|Any CPU.ActiveCfg = Debug|Any CPU
		{10E8BE4B-AD73-45F0-A08B-FDCB24801FF2}.Debug|Any CPU.Build.0 = Debug|Any CPU
		{10E8BE4B-AD73-45F0-A08B-FDCB24801FF2}.Release|Any CPU.ActiveCfg = Release|Any CPU
		{10E8BE4B-AD73-45F0-A08B-FDCB24801FF2}.Release|Any CPU.Build.0 = Release|Any CPU
		{6F138B5A-2CC5-4E90-9B85-7BD98858D04A}.Debug|Any CPU.ActiveCfg = Debug|Any CPU
		{6F138B5A-2CC5-4E90-9B85-7BD98858D04A}.Debug|Any CPU.Build.0 = Debug|Any CPU
		{6F138B5A-2CC5-4E90-9B85-7BD98858D04A}.Release|Any CPU.ActiveCfg = Release|Any CPU
		{6F138B5A-2CC5-4E90-9B85-7BD98858D04A}.Release|Any CPU.Build.0 = Release|Any CPU
		{2295A5D3-B277-467A-9076-CEA833456011}.Debug|Any CPU.ActiveCfg = Debug|Any CPU
		{2295A5D3-B277-467A-9076-CEA833456011}.Debug|Any CPU.Build.0 = Debug|Any CPU
		{2295A5D3-B277-467A-9076-CEA833456011}.Release|Any CPU.ActiveCfg = Release|Any CPU
		{2295A5D3-B277-467A-9076-CEA833456011}.Release|Any CPU.Build.0 = Release|Any CPU
		{8AAB10D9-1424-49F9-9444-D44CC44AD113}.Debug|Any CPU.ActiveCfg = Debug|Any CPU
		{8AAB10D9-1424-49F9-9444-D44CC44AD113}.Debug|Any CPU.Build.0 = Debug|Any CPU
		{8AAB10D9-1424-49F9-9444-D44CC44AD113}.Release|Any CPU.ActiveCfg = Release|Any CPU
		{8AAB10D9-1424-49F9-9444-D44CC44AD113}.Release|Any CPU.Build.0 = Release|Any CPU
		{802AFB2C-1A1D-4E87-BAF3-225CF7601E37}.Debug|Any CPU.ActiveCfg = Debug|Any CPU
		{802AFB2C-1A1D-4E87-BAF3-225CF7601E37}.Debug|Any CPU.Build.0 = Debug|Any CPU
		{802AFB2C-1A1D-4E87-BAF3-225CF7601E37}.Release|Any CPU.ActiveCfg = Release|Any CPU
		{802AFB2C-1A1D-4E87-BAF3-225CF7601E37}.Release|Any CPU.Build.0 = Release|Any CPU
	EndGlobalSection
	GlobalSection(SolutionProperties) = preSolution
		HideSolutionNode = FALSE
	EndGlobalSection
	GlobalSection(ExtensibilityGlobals) = postSolution
		SolutionGuid = {50E855D2-2F5E-4CC5-98E4-D2C02BAFE5A8}
	EndGlobalSection
EndGlobal
